// !$*UTF8*$!
{
	archiveVersion = 1;
	classes = {
	};
	objectVersion = 56;
	objects = {

/* Begin PBXBuildFile section */
		213B87572BECD1900071BD65 /* Assets.xcassets in Resources */ = {isa = PBXBuildFile; fileRef = 213B87562BECD1900071BD65 /* Assets.xcassets */; };
		213B875A2BECD1900071BD65 /* LaunchScreen.storyboard in Resources */ = {isa = PBXBuildFile; fileRef = 213B87582BECD1900071BD65 /* LaunchScreen.storyboard */; };
		213B87672BECD1F60071BD65 /* UIButton+Extension.swift in Sources */ = {isa = PBXBuildFile; fileRef = 213B87622BECD1F60071BD65 /* UIButton+Extension.swift */; };
		213B87682BECD1F60071BD65 /* UIView+Extension.swift in Sources */ = {isa = PBXBuildFile; fileRef = 213B87632BECD1F60071BD65 /* UIView+Extension.swift */; };
		213B87692BECD1F60071BD65 /* UITextField+Extension.swift in Sources */ = {isa = PBXBuildFile; fileRef = 213B87642BECD1F60071BD65 /* UITextField+Extension.swift */; };
		213B876A2BECD1F60071BD65 /* SceneDelegate.swift in Sources */ = {isa = PBXBuildFile; fileRef = 213B87652BECD1F60071BD65 /* SceneDelegate.swift */; };
		213B876B2BECD1F60071BD65 /* AppDelegate.swift in Sources */ = {isa = PBXBuildFile; fileRef = 213B87662BECD1F60071BD65 /* AppDelegate.swift */; };
		213B876F2BECD2060071BD65 /* LoginView.swift in Sources */ = {isa = PBXBuildFile; fileRef = 213B876C2BECD2060071BD65 /* LoginView.swift */; };
		213B87702BECD2060071BD65 /* LoginViewModel.swift in Sources */ = {isa = PBXBuildFile; fileRef = 213B876D2BECD2060071BD65 /* LoginViewModel.swift */; };
		213B87712BECD2060071BD65 /* LoginViewController.swift in Sources */ = {isa = PBXBuildFile; fileRef = 213B876E2BECD2060071BD65 /* LoginViewController.swift */; };
		213B87742BECD2290071BD65 /* SnapKit in Frameworks */ = {isa = PBXBuildFile; productRef = 213B87732BECD2290071BD65 /* SnapKit */; };
		213B87772BECD2320071BD65 /* Then in Frameworks */ = {isa = PBXBuildFile; productRef = 213B87762BECD2320071BD65 /* Then */; };
		213B877A2BECD4520071BD65 /* CombineCocoa in Frameworks */ = {isa = PBXBuildFile; productRef = 213B87792BECD4520071BD65 /* CombineCocoa */; };
		219964272C08ECCA00EDD523 /* CreateNickNameView.swift in Sources */ = {isa = PBXBuildFile; fileRef = 219964252C08ECCA00EDD523 /* CreateNickNameView.swift */; };
		219964282C08ECCA00EDD523 /* CreateNickNameViewController.swift in Sources */ = {isa = PBXBuildFile; fileRef = 219964262C08ECCA00EDD523 /* CreateNickNameViewController.swift */; };
/* End PBXBuildFile section */

/* Begin PBXFileReference section */
		213B874A2BECD18E0071BD65 /* CombineStudy.app */ = {isa = PBXFileReference; explicitFileType = wrapper.application; includeInIndex = 0; path = CombineStudy.app; sourceTree = BUILT_PRODUCTS_DIR; };
		213B87562BECD1900071BD65 /* Assets.xcassets */ = {isa = PBXFileReference; lastKnownFileType = folder.assetcatalog; path = Assets.xcassets; sourceTree = "<group>"; };
		213B87592BECD1900071BD65 /* Base */ = {isa = PBXFileReference; lastKnownFileType = file.storyboard; name = Base; path = Base.lproj/LaunchScreen.storyboard; sourceTree = "<group>"; };
		213B875B2BECD1900071BD65 /* Info.plist */ = {isa = PBXFileReference; lastKnownFileType = text.plist.xml; path = Info.plist; sourceTree = "<group>"; };
		213B87622BECD1F60071BD65 /* UIButton+Extension.swift */ = {isa = PBXFileReference; fileEncoding = 4; lastKnownFileType = sourcecode.swift; path = "UIButton+Extension.swift"; sourceTree = "<group>"; };
		213B87632BECD1F60071BD65 /* UIView+Extension.swift */ = {isa = PBXFileReference; fileEncoding = 4; lastKnownFileType = sourcecode.swift; path = "UIView+Extension.swift"; sourceTree = "<group>"; };
		213B87642BECD1F60071BD65 /* UITextField+Extension.swift */ = {isa = PBXFileReference; fileEncoding = 4; lastKnownFileType = sourcecode.swift; path = "UITextField+Extension.swift"; sourceTree = "<group>"; };
		213B87652BECD1F60071BD65 /* SceneDelegate.swift */ = {isa = PBXFileReference; fileEncoding = 4; lastKnownFileType = sourcecode.swift; path = SceneDelegate.swift; sourceTree = "<group>"; };
		213B87662BECD1F60071BD65 /* AppDelegate.swift */ = {isa = PBXFileReference; fileEncoding = 4; lastKnownFileType = sourcecode.swift; path = AppDelegate.swift; sourceTree = "<group>"; };
		213B876C2BECD2060071BD65 /* LoginView.swift */ = {isa = PBXFileReference; fileEncoding = 4; lastKnownFileType = sourcecode.swift; path = LoginView.swift; sourceTree = "<group>"; };
		213B876D2BECD2060071BD65 /* LoginViewModel.swift */ = {isa = PBXFileReference; fileEncoding = 4; lastKnownFileType = sourcecode.swift; path = LoginViewModel.swift; sourceTree = "<group>"; };
		213B876E2BECD2060071BD65 /* LoginViewController.swift */ = {isa = PBXFileReference; fileEncoding = 4; lastKnownFileType = sourcecode.swift; path = LoginViewController.swift; sourceTree = "<group>"; };
		219964252C08ECCA00EDD523 /* CreateNickNameView.swift */ = {isa = PBXFileReference; fileEncoding = 4; lastKnownFileType = sourcecode.swift; path = CreateNickNameView.swift; sourceTree = "<group>"; };
		219964262C08ECCA00EDD523 /* CreateNickNameViewController.swift */ = {isa = PBXFileReference; fileEncoding = 4; lastKnownFileType = sourcecode.swift; path = CreateNickNameViewController.swift; sourceTree = "<group>"; };
/* End PBXFileReference section */

/* Begin PBXFrameworksBuildPhase section */
		213B87472BECD18E0071BD65 /* Frameworks */ = {
			isa = PBXFrameworksBuildPhase;
			buildActionMask = 2147483647;
			files = (
				213B87742BECD2290071BD65 /* SnapKit in Frameworks */,
				213B877A2BECD4520071BD65 /* CombineCocoa in Frameworks */,
				213B87772BECD2320071BD65 /* Then in Frameworks */,
			);
			runOnlyForDeploymentPostprocessing = 0;
		};
/* End PBXFrameworksBuildPhase section */

/* Begin PBXGroup section */
		213B87412BECD18E0071BD65 = {
			isa = PBXGroup;
			children = (
				213B874C2BECD18E0071BD65 /* CombineStudy */,
				213B874B2BECD18E0071BD65 /* Products */,
			);
			sourceTree = "<group>";
		};
		213B874B2BECD18E0071BD65 /* Products */ = {
			isa = PBXGroup;
			children = (
				213B874A2BECD18E0071BD65 /* CombineStudy.app */,
			);
			name = Products;
			sourceTree = "<group>";
		};
		213B874C2BECD18E0071BD65 /* CombineStudy */ = {
			isa = PBXGroup;
			children = (
				213B87662BECD1F60071BD65 /* AppDelegate.swift */,
				213B87652BECD1F60071BD65 /* SceneDelegate.swift */,
				213B876C2BECD2060071BD65 /* LoginView.swift */,
				213B876E2BECD2060071BD65 /* LoginViewController.swift */,
				213B876D2BECD2060071BD65 /* LoginViewModel.swift */,
				219964252C08ECCA00EDD523 /* CreateNickNameView.swift */,
				219964262C08ECCA00EDD523 /* CreateNickNameViewController.swift */,
				213B87612BECD1F60071BD65 /* Extensions */,
				213B87562BECD1900071BD65 /* Assets.xcassets */,
				213B87582BECD1900071BD65 /* LaunchScreen.storyboard */,
				213B875B2BECD1900071BD65 /* Info.plist */,
			);
			path = CombineStudy;
			sourceTree = "<group>";
		};
		213B87612BECD1F60071BD65 /* Extensions */ = {
			isa = PBXGroup;
			children = (
				213B87622BECD1F60071BD65 /* UIButton+Extension.swift */,
				213B87632BECD1F60071BD65 /* UIView+Extension.swift */,
				213B87642BECD1F60071BD65 /* UITextField+Extension.swift */,
			);
			path = Extensions;
			sourceTree = "<group>";
		};
/* End PBXGroup section */

/* Begin PBXNativeTarget section */
		213B87492BECD18E0071BD65 /* CombineStudy */ = {
			isa = PBXNativeTarget;
			buildConfigurationList = 213B875E2BECD1900071BD65 /* Build configuration list for PBXNativeTarget "CombineStudy" */;
			buildPhases = (
				213B87462BECD18E0071BD65 /* Sources */,
				213B87472BECD18E0071BD65 /* Frameworks */,
				213B87482BECD18E0071BD65 /* Resources */,
			);
			buildRules = (
			);
			dependencies = (
			);
			name = CombineStudy;
			packageProductDependencies = (
				213B87732BECD2290071BD65 /* SnapKit */,
				213B87762BECD2320071BD65 /* Then */,
				213B87792BECD4520071BD65 /* CombineCocoa */,
			);
			productName = CombineStudy;
			productReference = 213B874A2BECD18E0071BD65 /* CombineStudy.app */;
			productType = "com.apple.product-type.application";
		};
/* End PBXNativeTarget section */

/* Begin PBXProject section */
		213B87422BECD18E0071BD65 /* Project object */ = {
			isa = PBXProject;
			attributes = {
				BuildIndependentTargetsInParallel = 1;
				LastSwiftUpdateCheck = 1430;
				LastUpgradeCheck = 1540;
				TargetAttributes = {
					213B87492BECD18E0071BD65 = {
						CreatedOnToolsVersion = 14.3.1;
						LastSwiftMigration = 1430;
					};
				};
			};
			buildConfigurationList = 213B87452BECD18E0071BD65 /* Build configuration list for PBXProject "CombineStudy" */;
			compatibilityVersion = "Xcode 14.0";
			developmentRegion = en;
			hasScannedForEncodings = 0;
			knownRegions = (
				en,
				Base,
			);
			mainGroup = 213B87412BECD18E0071BD65;
			packageReferences = (
				213B87722BECD2290071BD65 /* XCRemoteSwiftPackageReference "SnapKit" */,
				213B87752BECD2320071BD65 /* XCRemoteSwiftPackageReference "Then" */,
				213B87782BECD4510071BD65 /* XCRemoteSwiftPackageReference "CombineCocoa" */,
			);
			productRefGroup = 213B874B2BECD18E0071BD65 /* Products */;
			projectDirPath = "";
			projectRoot = "";
			targets = (
				213B87492BECD18E0071BD65 /* CombineStudy */,
			);
		};
/* End PBXProject section */

/* Begin PBXResourcesBuildPhase section */
		213B87482BECD18E0071BD65 /* Resources */ = {
			isa = PBXResourcesBuildPhase;
			buildActionMask = 2147483647;
			files = (
				213B875A2BECD1900071BD65 /* LaunchScreen.storyboard in Resources */,
				213B87572BECD1900071BD65 /* Assets.xcassets in Resources */,
			);
			runOnlyForDeploymentPostprocessing = 0;
		};
/* End PBXResourcesBuildPhase section */

/* Begin PBXSourcesBuildPhase section */
		213B87462BECD18E0071BD65 /* Sources */ = {
			isa = PBXSourcesBuildPhase;
			buildActionMask = 2147483647;
			files = (
				219964282C08ECCA00EDD523 /* CreateNickNameViewController.swift in Sources */,
				213B876F2BECD2060071BD65 /* LoginView.swift in Sources */,
				213B87692BECD1F60071BD65 /* UITextField+Extension.swift in Sources */,
				213B87682BECD1F60071BD65 /* UIView+Extension.swift in Sources */,
				213B87672BECD1F60071BD65 /* UIButton+Extension.swift in Sources */,
				219964272C08ECCA00EDD523 /* CreateNickNameView.swift in Sources */,
				213B87712BECD2060071BD65 /* LoginViewController.swift in Sources */,
				213B876B2BECD1F60071BD65 /* AppDelegate.swift in Sources */,
				213B876A2BECD1F60071BD65 /* SceneDelegate.swift in Sources */,
				213B87702BECD2060071BD65 /* LoginViewModel.swift in Sources */,
			);
			runOnlyForDeploymentPostprocessing = 0;
		};
/* End PBXSourcesBuildPhase section */

/* Begin PBXVariantGroup section */
		213B87582BECD1900071BD65 /* LaunchScreen.storyboard */ = {
			isa = PBXVariantGroup;
			children = (
				213B87592BECD1900071BD65 /* Base */,
			);
			name = LaunchScreen.storyboard;
			sourceTree = "<group>";
		};
/* End PBXVariantGroup section */

/* Begin XCBuildConfiguration section */
		213B875C2BECD1900071BD65 /* Debug */ = {
			isa = XCBuildConfiguration;
			buildSettings = {
				ALWAYS_SEARCH_USER_PATHS = NO;
				CLANG_ANALYZER_NONNULL = YES;
				CLANG_ANALYZER_NUMBER_OBJECT_CONVERSION = YES_AGGRESSIVE;
				CLANG_CXX_LANGUAGE_STANDARD = "gnu++20";
				CLANG_ENABLE_MODULES = YES;
				CLANG_ENABLE_OBJC_ARC = YES;
				CLANG_ENABLE_OBJC_WEAK = YES;
				CLANG_WARN_BLOCK_CAPTURE_AUTORELEASING = YES;
				CLANG_WARN_BOOL_CONVERSION = YES;
				CLANG_WARN_COMMA = YES;
				CLANG_WARN_CONSTANT_CONVERSION = YES;
				CLANG_WARN_DEPRECATED_OBJC_IMPLEMENTATIONS = YES;
				CLANG_WARN_DIRECT_OBJC_ISA_USAGE = YES_ERROR;
				CLANG_WARN_DOCUMENTATION_COMMENTS = YES;
				CLANG_WARN_EMPTY_BODY = YES;
				CLANG_WARN_ENUM_CONVERSION = YES;
				CLANG_WARN_INFINITE_RECURSION = YES;
				CLANG_WARN_INT_CONVERSION = YES;
				CLANG_WARN_NON_LITERAL_NULL_CONVERSION = YES;
				CLANG_WARN_OBJC_IMPLICIT_RETAIN_SELF = YES;
				CLANG_WARN_OBJC_LITERAL_CONVERSION = YES;
				CLANG_WARN_OBJC_ROOT_CLASS = YES_ERROR;
				CLANG_WARN_QUOTED_INCLUDE_IN_FRAMEWORK_HEADER = YES;
				CLANG_WARN_RANGE_LOOP_ANALYSIS = YES;
				CLANG_WARN_STRICT_PROTOTYPES = YES;
				CLANG_WARN_SUSPICIOUS_MOVE = YES;
				CLANG_WARN_UNGUARDED_AVAILABILITY = YES_AGGRESSIVE;
				CLANG_WARN_UNREACHABLE_CODE = YES;
				CLANG_WARN__DUPLICATE_METHOD_MATCH = YES;
				COPY_PHASE_STRIP = NO;
				DEBUG_INFORMATION_FORMAT = dwarf;
				ENABLE_STRICT_OBJC_MSGSEND = YES;
				ENABLE_TESTABILITY = YES;
				ENABLE_USER_SCRIPT_SANDBOXING = YES;
				GCC_C_LANGUAGE_STANDARD = gnu11;
				GCC_DYNAMIC_NO_PIC = NO;
				GCC_NO_COMMON_BLOCKS = YES;
				GCC_OPTIMIZATION_LEVEL = 0;
				GCC_PREPROCESSOR_DEFINITIONS = (
					"DEBUG=1",
					"$(inherited)",
				);
				GCC_WARN_64_TO_32_BIT_CONVERSION = YES;
				GCC_WARN_ABOUT_RETURN_TYPE = YES_ERROR;
				GCC_WARN_UNDECLARED_SELECTOR = YES;
				GCC_WARN_UNINITIALIZED_AUTOS = YES_AGGRESSIVE;
				GCC_WARN_UNUSED_FUNCTION = YES;
				GCC_WARN_UNUSED_VARIABLE = YES;
				IPHONEOS_DEPLOYMENT_TARGET = 16.4;
				MTL_ENABLE_DEBUG_INFO = INCLUDE_SOURCE;
				MTL_FAST_MATH = YES;
				ONLY_ACTIVE_ARCH = YES;
				SDKROOT = iphoneos;
				SWIFT_ACTIVE_COMPILATION_CONDITIONS = DEBUG;
				SWIFT_OPTIMIZATION_LEVEL = "-Onone";
			};
			name = Debug;
		};
		213B875D2BECD1900071BD65 /* Release */ = {
			isa = XCBuildConfiguration;
			buildSettings = {
				ALWAYS_SEARCH_USER_PATHS = NO;
				CLANG_ANALYZER_NONNULL = YES;
				CLANG_ANALYZER_NUMBER_OBJECT_CONVERSION = YES_AGGRESSIVE;
				CLANG_CXX_LANGUAGE_STANDARD = "gnu++20";
				CLANG_ENABLE_MODULES = YES;
				CLANG_ENABLE_OBJC_ARC = YES;
				CLANG_ENABLE_OBJC_WEAK = YES;
				CLANG_WARN_BLOCK_CAPTURE_AUTORELEASING = YES;
				CLANG_WARN_BOOL_CONVERSION = YES;
				CLANG_WARN_COMMA = YES;
				CLANG_WARN_CONSTANT_CONVERSION = YES;
				CLANG_WARN_DEPRECATED_OBJC_IMPLEMENTATIONS = YES;
				CLANG_WARN_DIRECT_OBJC_ISA_USAGE = YES_ERROR;
				CLANG_WARN_DOCUMENTATION_COMMENTS = YES;
				CLANG_WARN_EMPTY_BODY = YES;
				CLANG_WARN_ENUM_CONVERSION = YES;
				CLANG_WARN_INFINITE_RECURSION = YES;
				CLANG_WARN_INT_CONVERSION = YES;
				CLANG_WARN_NON_LITERAL_NULL_CONVERSION = YES;
				CLANG_WARN_OBJC_IMPLICIT_RETAIN_SELF = YES;
				CLANG_WARN_OBJC_LITERAL_CONVERSION = YES;
				CLANG_WARN_OBJC_ROOT_CLASS = YES_ERROR;
				CLANG_WARN_QUOTED_INCLUDE_IN_FRAMEWORK_HEADER = YES;
				CLANG_WARN_RANGE_LOOP_ANALYSIS = YES;
				CLANG_WARN_STRICT_PROTOTYPES = YES;
				CLANG_WARN_SUSPICIOUS_MOVE = YES;
				CLANG_WARN_UNGUARDED_AVAILABILITY = YES_AGGRESSIVE;
				CLANG_WARN_UNREACHABLE_CODE = YES;
				CLANG_WARN__DUPLICATE_METHOD_MATCH = YES;
				COPY_PHASE_STRIP = NO;
				DEBUG_INFORMATION_FORMAT = "dwarf-with-dsym";
				ENABLE_NS_ASSERTIONS = NO;
				ENABLE_STRICT_OBJC_MSGSEND = YES;
				ENABLE_USER_SCRIPT_SANDBOXING = YES;
				GCC_C_LANGUAGE_STANDARD = gnu11;
				GCC_NO_COMMON_BLOCKS = YES;
				GCC_WARN_64_TO_32_BIT_CONVERSION = YES;
				GCC_WARN_ABOUT_RETURN_TYPE = YES_ERROR;
				GCC_WARN_UNDECLARED_SELECTOR = YES;
				GCC_WARN_UNINITIALIZED_AUTOS = YES_AGGRESSIVE;
				GCC_WARN_UNUSED_FUNCTION = YES;
				GCC_WARN_UNUSED_VARIABLE = YES;
				IPHONEOS_DEPLOYMENT_TARGET = 16.4;
				MTL_ENABLE_DEBUG_INFO = NO;
				MTL_FAST_MATH = YES;
				SDKROOT = iphoneos;
				SWIFT_COMPILATION_MODE = wholemodule;
				SWIFT_OPTIMIZATION_LEVEL = "-O";
				VALIDATE_PRODUCT = YES;
			};
			name = Release;
		};
		213B875F2BECD1900071BD65 /* Debug */ = {
			isa = XCBuildConfiguration;
			buildSettings = {
				ASSETCATALOG_COMPILER_APPICON_NAME = AppIcon;
				ASSETCATALOG_COMPILER_GLOBAL_ACCENT_COLOR_NAME = AccentColor;
				CLANG_ENABLE_MODULES = YES;
				CODE_SIGN_STYLE = Automatic;
				CURRENT_PROJECT_VERSION = 1;
				DEVELOPMENT_TEAM = MVRMRHCZ4J;
				GENERATE_INFOPLIST_FILE = YES;
				INFOPLIST_FILE = CombineStudy/Info.plist;
				INFOPLIST_KEY_UIApplicationSupportsIndirectInputEvents = YES;
				INFOPLIST_KEY_UILaunchStoryboardName = LaunchScreen;
				INFOPLIST_KEY_UISupportedInterfaceOrientations_iPad = "UIInterfaceOrientationPortrait UIInterfaceOrientationPortraitUpsideDown UIInterfaceOrientationLandscapeLeft UIInterfaceOrientationLandscapeRight";
				INFOPLIST_KEY_UISupportedInterfaceOrientations_iPhone = "UIInterfaceOrientationPortrait UIInterfaceOrientationLandscapeLeft UIInterfaceOrientationLandscapeRight";
				LD_RUNPATH_SEARCH_PATHS = (
					"$(inherited)",
					"@executable_path/Frameworks",
				);
				MARKETING_VERSION = 1.0;
				PRODUCT_BUNDLE_IDENTIFIER = kr.wang.CombineStudy;
				PRODUCT_NAME = "$(TARGET_NAME)";
				SWIFT_EMIT_LOC_STRINGS = YES;
				SWIFT_OPTIMIZATION_LEVEL = "-Onone";
				SWIFT_VERSION = 5.0;
				TARGETED_DEVICE_FAMILY = "1,2";
			};
			name = Debug;
		};
		213B87602BECD1900071BD65 /* Release */ = {
			isa = XCBuildConfiguration;
			buildSettings = {
				ASSETCATALOG_COMPILER_APPICON_NAME = AppIcon;
				ASSETCATALOG_COMPILER_GLOBAL_ACCENT_COLOR_NAME = AccentColor;
				CLANG_ENABLE_MODULES = YES;
				CODE_SIGN_STYLE = Automatic;
				CURRENT_PROJECT_VERSION = 1;
				DEVELOPMENT_TEAM = MVRMRHCZ4J;
				GENERATE_INFOPLIST_FILE = YES;
				INFOPLIST_FILE = CombineStudy/Info.plist;
				INFOPLIST_KEY_UIApplicationSupportsIndirectInputEvents = YES;
				INFOPLIST_KEY_UILaunchStoryboardName = LaunchScreen;
				INFOPLIST_KEY_UISupportedInterfaceOrientations_iPad = "UIInterfaceOrientationPortrait UIInterfaceOrientationPortraitUpsideDown UIInterfaceOrientationLandscapeLeft UIInterfaceOrientationLandscapeRight";
				INFOPLIST_KEY_UISupportedInterfaceOrientations_iPhone = "UIInterfaceOrientationPortrait UIInterfaceOrientationLandscapeLeft UIInterfaceOrientationLandscapeRight";
				LD_RUNPATH_SEARCH_PATHS = (
					"$(inherited)",
					"@executable_path/Frameworks",
				);
				MARKETING_VERSION = 1.0;
				PRODUCT_BUNDLE_IDENTIFIER = kr.wang.CombineStudy;
				PRODUCT_NAME = "$(TARGET_NAME)";
				SWIFT_EMIT_LOC_STRINGS = YES;
				SWIFT_VERSION = 5.0;
				TARGETED_DEVICE_FAMILY = "1,2";
			};
			name = Release;
		};
/* End XCBuildConfiguration section */

/* Begin XCConfigurationList section */
		213B87452BECD18E0071BD65 /* Build configuration list for PBXProject "CombineStudy" */ = {
			isa = XCConfigurationList;
			buildConfigurations = (
				213B875C2BECD1900071BD65 /* Debug */,
				213B875D2BECD1900071BD65 /* Release */,
			);
			defaultConfigurationIsVisible = 0;
			defaultConfigurationName = Release;
		};
		213B875E2BECD1900071BD65 /* Build configuration list for PBXNativeTarget "CombineStudy" */ = {
			isa = XCConfigurationList;
			buildConfigurations = (
				213B875F2BECD1900071BD65 /* Debug */,
				213B87602BECD1900071BD65 /* Release */,
			);
			defaultConfigurationIsVisible = 0;
			defaultConfigurationName = Release;
		};
/* End XCConfigurationList section */

/* Begin XCRemoteSwiftPackageReference section */
		213B87722BECD2290071BD65 /* XCRemoteSwiftPackageReference "SnapKit" */ = {
			isa = XCRemoteSwiftPackageReference;
			repositoryURL = "https://github.com/SnapKit/SnapKit";
			requirement = {
				kind = upToNextMajorVersion;
				minimumVersion = 5.0.0;
			};
		};
		213B87752BECD2320071BD65 /* XCRemoteSwiftPackageReference "Then" */ = {
			isa = XCRemoteSwiftPackageReference;
			repositoryURL = "https://github.com/devxoul/Then";
			requirement = {
				kind = upToNextMajorVersion;
				minimumVersion = 3.0.0;
			};
		};
		213B87782BECD4510071BD65 /* XCRemoteSwiftPackageReference "CombineCocoa" */ = {
			isa = XCRemoteSwiftPackageReference;
			repositoryURL = "https://github.com/CombineCommunity/CombineCocoa";
			requirement = {
				kind = upToNextMajorVersion;
				minimumVersion = 0.4.1;
			};
		};
/* End XCRemoteSwiftPackageReference section */

/* Begin XCSwiftPackageProductDependency section */
		213B87732BECD2290071BD65 /* SnapKit */ = {
			isa = XCSwiftPackageProductDependency;
			package = 213B87722BECD2290071BD65 /* XCRemoteSwiftPackageReference "SnapKit" */;
			productName = SnapKit;
		};
		213B87762BECD2320071BD65 /* Then */ = {
			isa = XCSwiftPackageProductDependency;
			package = 213B87752BECD2320071BD65 /* XCRemoteSwiftPackageReference "Then" */;
			productName = Then;
		};
		213B87792BECD4520071BD65 /* CombineCocoa */ = {
			isa = XCSwiftPackageProductDependency;
			package = 213B87782BECD4510071BD65 /* XCRemoteSwiftPackageReference "CombineCocoa" */;
			productName = CombineCocoa;
		};
/* End XCSwiftPackageProductDependency section */
	};
	rootObject = 213B87422BECD18E0071BD65 /* Project object */;
}
